{
  "name": "JewishPositivity",
  "lockfileVersion": 3,
  "requires": true,
  "packages": {
    "": {
      "dependencies": {
        "react-native-share": "^10.2.1"
      }
    },
    "node_modules/react-native-share": {
      "version": "10.2.1",
      "resolved": "https://registry.npmjs.org/react-native-share/-/react-native-share-10.2.1.tgz",
      "integrity": "sha512-Z2LWGYWH7raM4H6Oauttv1tEhaB43XSWJAN8iS6oaSG9CnyrUBeYFF4QpU1AH5RgNeylXQdN8CtbizCHHt6coQ==",
      "license": "MIT",
      "engines": {
        "node": ">=16"
      }
    }
  }
}
